
Microsoft Visual Studio Solution File, Format Version 12.00
# Visual Studio Version 17
VisualStudioVersion = 17.8.34330.188
MinimumVisualStudioVersion = 10.0.40219.1
Project("{FAE04EC0-301F-11D3-BF4B-00C04F79EFBC}") = "LocalizationDemo", "LocalizationDemo\LocalizationDemo.csproj", "{80701718-15F4-496E-B16C-50EB0633A30E}"
EndProject
Global
	GlobalSection(SolutionConfigurationPlatforms) = preSolution
		Debug|Any CPU = Debug|Any CPU
		Release|Any CPU = Release|Any CPU
	EndGlobalSection
	GlobalSection(ProjectConfigurationPlatforms) = postSolution
		{80701718-15F4-496E-B16C-50EB0633A30E}.Debug|Any CPU.ActiveCfg = Debug|Any CPU
		{80701718-15F4-496E-B16C-50EB0633A30E}.Debug|Any CPU.Build.0 = Debug|Any CPU
		{80701718-15F4-496E-B16C-50EB0633A30E}.Release|Any CPU.ActiveCfg = Release|Any CPU
		{80701718-15F4-496E-B16C-50EB0633A30E}.Release|Any CPU.Build.0 = Release|Any CPU
	EndGlobalSection
	GlobalSection(SolutionProperties) = preSolution
		HideSolutionNode = FALSE
	EndGlobalSection
	GlobalSection(ExtensibilityGlobals) = postSolution
		SolutionGuid = {2EFC4775-2617-4C7A-94E4-00D1D3B61CD8}
	EndGlobalSection
EndGlobal
